
Microsoft Visual Studio Solution File, Format Version 12.00
# Visual Studio 2013
VisualStudioVersion = 12.0.21005.1
MinimumVisualStudioVersion = 10.0.40219.1
Project("{FAE04EC0-301F-11D3-BF4B-00C04F79EFBC}") = "PdkXlsxFileIO", "PdkXlsxFileIO\PdkXlsxFileIO.csproj", "{59CC6C83-96F4-4F95-9555-3FD65AC4069A}"
EndProject
Project("{FAE04EC0-301F-11D3-BF4B-00C04F79EFBC}") = "CA4ExcelIO", "CA4ExcelIO\CA4ExcelIO.csproj", "{20BBECFA-E3FA-4F79-B7FA-5BEAEA39B907}"
EndProject
Global
	GlobalSection(SolutionConfigurationPlatforms) = preSolution
		Debug|Any CPU = Debug|Any CPU
		Release|Any CPU = Release|Any CPU
	EndGlobalSection
	GlobalSection(ProjectConfigurationPlatforms) = postSolution
		{59CC6C83-96F4-4F95-9555-3FD65AC4069A}.Debug|Any CPU.ActiveCfg = Debug|Any CPU
		{59CC6C83-96F4-4F95-9555-3FD65AC4069A}.Debug|Any CPU.Build.0 = Debug|Any CPU
		{59CC6C83-96F4-4F95-9555-3FD65AC4069A}.Release|Any CPU.ActiveCfg = Release|Any CPU
		{59CC6C83-96F4-4F95-9555-3FD65AC4069A}.Release|Any CPU.Build.0 = Release|Any CPU
		{20BBECFA-E3FA-4F79-B7FA-5BEAEA39B907}.Debug|Any CPU.ActiveCfg = Debug|Any CPU
		{20BBECFA-E3FA-4F79-B7FA-5BEAEA39B907}.Debug|Any CPU.Build.0 = Debug|Any CPU
		{20BBECFA-E3FA-4F79-B7FA-5BEAEA39B907}.Release|Any CPU.ActiveCfg = Release|Any CPU
		{20BBECFA-E3FA-4F79-B7FA-5BEAEA39B907}.Release|Any CPU.Build.0 = Release|Any CPU
	EndGlobalSection
	GlobalSection(SolutionProperties) = preSolution
		HideSolutionNode = FALSE
	EndGlobalSection
EndGlobal
